
Microsoft Visual Studio Solution File, Format Version 12.00
# Visual Studio Version 16
VisualStudioVersion = 16.0.28922.388
MinimumVisualStudioVersion = 10.0.40219.1
Project("{FAE04EC0-301F-11D3-BF4B-00C04F79EFBC}") = "Panacea.Modules.TerminalPairing", "Panacea.Modules.TerminalPairing\Panacea.Modules.TerminalPairing.csproj", "{11EE7E07-43B6-4326-A8F9-7E92B6C6CBAD}"
EndProject
Project("{FAE04EC0-301F-11D3-BF4B-00C04F79EFBC}") = "TerminalPairingTest", "TerminalPairingTest\TerminalPairingTest.csproj", "{9B0C71D3-C8B3-456A-97D0-2520795B57B9}"
EndProject
Global
	GlobalSection(SolutionConfigurationPlatforms) = preSolution
		Debug|Any CPU = Debug|Any CPU
		Release|Any CPU = Release|Any CPU
	EndGlobalSection
	GlobalSection(ProjectConfigurationPlatforms) = postSolution
		{11EE7E07-43B6-4326-A8F9-7E92B6C6CBAD}.Debug|Any CPU.ActiveCfg = Debug|Any CPU
		{11EE7E07-43B6-4326-A8F9-7E92B6C6CBAD}.Debug|Any CPU.Build.0 = Debug|Any CPU
		{11EE7E07-43B6-4326-A8F9-7E92B6C6CBAD}.Release|Any CPU.ActiveCfg = Release|Any CPU
		{11EE7E07-43B6-4326-A8F9-7E92B6C6CBAD}.Release|Any CPU.Build.0 = Release|Any CPU
		{9B0C71D3-C8B3-456A-97D0-2520795B57B9}.Debug|Any CPU.ActiveCfg = Debug|Any CPU
		{9B0C71D3-C8B3-456A-97D0-2520795B57B9}.Debug|Any CPU.Build.0 = Debug|Any CPU
		{9B0C71D3-C8B3-456A-97D0-2520795B57B9}.Release|Any CPU.ActiveCfg = Release|Any CPU
		{9B0C71D3-C8B3-456A-97D0-2520795B57B9}.Release|Any CPU.Build.0 = Release|Any CPU
	EndGlobalSection
	GlobalSection(SolutionProperties) = preSolution
		HideSolutionNode = FALSE
	EndGlobalSection
	GlobalSection(ExtensibilityGlobals) = postSolution
		SolutionGuid = {036DF145-4EDA-4DAF-B478-A3C2529A840E}
	EndGlobalSection
EndGlobal
